
Microsoft Visual Studio Solution File, Format Version 12.00
# Visual Studio Version 16
VisualStudioVersion = 25.0.1706.14
MinimumVisualStudioVersion = 10.0.40219.1
Project("{FAE04EC0-301F-11D3-BF4B-00C04F79EFBC}") = "MasterProject", "MasterProject.csproj", "{187161C7-05B4-46BC-9241-5A453E6D0062}"
EndProject
Global
	GlobalSection(SolutionConfigurationPlatforms) = preSolution
		Debug|Any CPU = Debug|Any CPU
		Release|Any CPU = Release|Any CPU
	EndGlobalSection
	GlobalSection(ProjectConfigurationPlatforms) = postSolution
		{187161C7-05B4-46BC-9241-5A453E6D0062}.Debug|Any CPU.ActiveCfg = Debug|Any CPU
		{187161C7-05B4-46BC-9241-5A453E6D0062}.Debug|Any CPU.Build.0 = Debug|Any CPU
		{187161C7-05B4-46BC-9241-5A453E6D0062}.Release|Any CPU.ActiveCfg = Release|Any CPU
		{187161C7-05B4-46BC-9241-5A453E6D0062}.Release|Any CPU.Build.0 = Release|Any CPU
	EndGlobalSection
	GlobalSection(SolutionProperties) = preSolution
		HideSolutionNode = FALSE
	EndGlobalSection
	GlobalSection(ExtensibilityGlobals) = postSolution
		SolutionGuid = {DF148FA8-EDEC-4832-9610-3D2A03FD8BE9}
	EndGlobalSection
EndGlobal
